
Microsoft Visual Studio Solution File, Format Version 12.00
# Visual Studio Version 17
VisualStudioVersion = 17.9.34902.65
MinimumVisualStudioVersion = 10.0.40219.1
Project("{FAE04EC0-301F-11D3-BF4B-00C04F79EFBC}") = "RIBAssessment.SarishaNaidoo", "RIBAssessment.SarishaNaidoo\RIBAssessment.SarishaNaidoo.csproj", "{2E01CF6B-B968-41F8-B116-F07C3C596B00}"
EndProject
Global
	GlobalSection(SolutionConfigurationPlatforms) = preSolution
		Debug|Any CPU = Debug|Any CPU
		Release|Any CPU = Release|Any CPU
	EndGlobalSection
	GlobalSection(ProjectConfigurationPlatforms) = postSolution
		{2E01CF6B-B968-41F8-B116-F07C3C596B00}.Debug|Any CPU.ActiveCfg = Debug|Any CPU
		{2E01CF6B-B968-41F8-B116-F07C3C596B00}.Debug|Any CPU.Build.0 = Debug|Any CPU
		{2E01CF6B-B968-41F8-B116-F07C3C596B00}.Release|Any CPU.ActiveCfg = Release|Any CPU
		{2E01CF6B-B968-41F8-B116-F07C3C596B00}.Release|Any CPU.Build.0 = Release|Any CPU
	EndGlobalSection
	GlobalSection(SolutionProperties) = preSolution
		HideSolutionNode = FALSE
	EndGlobalSection
	GlobalSection(ExtensibilityGlobals) = postSolution
		SolutionGuid = {792BFEF7-D289-4200-8B50-F5EECA40E681}
	EndGlobalSection
EndGlobal
